{
    "name": "watchf.-no.-2",
    "version": "1.3.0",
    "lockfileVersion": 3,
    "requires": true,
    "packages": {
        "": {
            "name": "watchf.-no.-2",
            "version": "1.3.0",
            "dependencies": {
                "@rebble/clay": "^1.0.6"
            }
        },
        "node_modules/@rebble/clay": {
            "version": "1.0.6",
            "resolved": "https://registry.npmjs.org/@rebble/clay/-/clay-1.0.6.tgz",
            "integrity": "sha512-gFmTUAHsDa+lV6QTU0StNuFk7MClF2GrkpCsXAXQtjk0wKo5lchCfwnhWzwBEWCyCkYAN4GRkaZG4TR4O4/tVg==",
            "license": "MIT"
        }
    }
}
